
Microsoft Visual Studio Solution File, Format Version 11.00
# Visual Studio 2010
Project("{FAE04EC0-301F-11D3-BF4B-00C04F79EFBC}") = "WebcamCapture", "WebcamCapture\WebcamCapture.csproj", "{DFCE67BB-35E3-4422-82D5-5CA730EDD15D}"
EndProject
Project("{FAE04EC0-301F-11D3-BF4B-00C04F79EFBC}") = "Plugins", "Plugins\Plugins.csproj", "{0B10F7E4-95DE-4467-8A33-70248755B47E}"
EndProject
Global
	GlobalSection(SolutionConfigurationPlatforms) = preSolution
		Debug|Any CPU = Debug|Any CPU
		Debug|x86 = Debug|x86
		Release|Any CPU = Release|Any CPU
		Release|x86 = Release|x86
	EndGlobalSection
	GlobalSection(ProjectConfigurationPlatforms) = postSolution
		{DFCE67BB-35E3-4422-82D5-5CA730EDD15D}.Debug|Any CPU.ActiveCfg = Debug|Any CPU
		{DFCE67BB-35E3-4422-82D5-5CA730EDD15D}.Debug|Any CPU.Build.0 = Debug|Any CPU
		{DFCE67BB-35E3-4422-82D5-5CA730EDD15D}.Debug|x86.ActiveCfg = Debug|x86
		{DFCE67BB-35E3-4422-82D5-5CA730EDD15D}.Debug|x86.Build.0 = Debug|x86
		{DFCE67BB-35E3-4422-82D5-5CA730EDD15D}.Release|Any CPU.ActiveCfg = Release|Any CPU
		{DFCE67BB-35E3-4422-82D5-5CA730EDD15D}.Release|Any CPU.Build.0 = Release|Any CPU
		{DFCE67BB-35E3-4422-82D5-5CA730EDD15D}.Release|x86.ActiveCfg = Release|x86
		{DFCE67BB-35E3-4422-82D5-5CA730EDD15D}.Release|x86.Build.0 = Release|x86
		{0B10F7E4-95DE-4467-8A33-70248755B47E}.Debug|Any CPU.ActiveCfg = Debug|Any CPU
		{0B10F7E4-95DE-4467-8A33-70248755B47E}.Debug|Any CPU.Build.0 = Debug|Any CPU
		{0B10F7E4-95DE-4467-8A33-70248755B47E}.Debug|x86.ActiveCfg = Debug|Any CPU
		{0B10F7E4-95DE-4467-8A33-70248755B47E}.Release|Any CPU.ActiveCfg = Release|Any CPU
		{0B10F7E4-95DE-4467-8A33-70248755B47E}.Release|Any CPU.Build.0 = Release|Any CPU
		{0B10F7E4-95DE-4467-8A33-70248755B47E}.Release|x86.ActiveCfg = Release|Any CPU
	EndGlobalSection
	GlobalSection(SolutionProperties) = preSolution
		HideSolutionNode = FALSE
	EndGlobalSection
EndGlobal
